// !$*UTF8*$!
{
	archiveVersion = 1;
	classes = {
	};
	objectVersion = 52;
	objects = {

/* Begin PBXBuildFile section */
		16777FF724C9D78000B04940 /* DFRFoundation.framework in Frameworks */ = {isa = PBXBuildFile; fileRef = 16777FF624C9D78000B04940 /* DFRFoundation.framework */; };
		16777FFA24C9D78600B04940 /* MediaRemote.framework in Frameworks */ = {isa = PBXBuildFile; fileRef = 16777FF224C9D75900B04940 /* MediaRemote.framework */; };
		1677800124C9DF3F00B04940 /* CoreAudio.framework in Frameworks */ = {isa = PBXBuildFile; fileRef = 1677800024C9DF3F00B04940 /* CoreAudio.framework */; };
		167EC31624C8C6BB009C4647 /* AppDelegate.swift in Sources */ = {isa = PBXBuildFile; fileRef = 167EC31524C8C6BB009C4647 /* AppDelegate.swift */; };
		167EC31A24C8C6BE009C4647 /* Assets.xcassets in Resources */ = {isa = PBXBuildFile; fileRef = 167EC31924C8C6BE009C4647 /* Assets.xcassets */; };
		167EC31D24C8C6BE009C4647 /* Preview Assets.xcassets in Resources */ = {isa = PBXBuildFile; fileRef = 167EC31C24C8C6BE009C4647 /* Preview Assets.xcassets */; };
		167EC32024C8C6BE009C4647 /* Main.storyboard in Resources */ = {isa = PBXBuildFile; fileRef = 167EC31E24C8C6BE009C4647 /* Main.storyboard */; };
		167EC32C24C8C6BE009C4647 /* TouchyTests.swift in Sources */ = {isa = PBXBuildFile; fileRef = 167EC32B24C8C6BE009C4647 /* TouchyTests.swift */; };
		167EC33724C8C6BE009C4647 /* TouchyUITests.swift in Sources */ = {isa = PBXBuildFile; fileRef = 167EC33624C8C6BE009C4647 /* TouchyUITests.swift */; };
		167EC34A24C9B068009C4647 /* TouchBarController.swift in Sources */ = {isa = PBXBuildFile; fileRef = 167EC34924C9B068009C4647 /* TouchBarController.swift */; };
		EDD4D1E5161BA39F4801ABFF /* PreviousWidget.swift in Sources */ = {isa = PBXBuildFile; fileRef = EDD4D0F654CAAF757DE83E12 /* PreviousWidget.swift */; };
		EDD4D259DBB7D89134A7EEF1 /* .gitignore in Resources */ = {isa = PBXBuildFile; fileRef = EDD4D0737DCBE7FAA1276B9D /* .gitignore */; };
		EDD4D2E7C8EEDA4C0DEE24BC /* VolumeButtonsWidget.swift in Sources */ = {isa = PBXBuildFile; fileRef = EDD4D225660B991BE5EF7BF6 /* VolumeButtonsWidget.swift */; };
		EDD4D40ADA37DE4B250FD39C /* NextWidget.swift in Sources */ = {isa = PBXBuildFile; fileRef = EDD4D3A318D9516A3B8F6F9C /* NextWidget.swift */; };
		EDD4D8AF7F4F8DCAA60BE7E0 /* AnchorWidget.swift in Sources */ = {isa = PBXBuildFile; fileRef = EDD4D7E2AD3AD71D2681EEA8 /* AnchorWidget.swift */; };
		EDD4D961ABD5AC8AF9B4BAB2 /* FlexWidget.swift in Sources */ = {isa = PBXBuildFile; fileRef = EDD4DEC0AA2FC5FA9924B434 /* FlexWidget.swift */; };
		EDD4DC8C9C31652825167C59 /* PlayPauseWidget.swift in Sources */ = {isa = PBXBuildFile; fileRef = EDD4DA1640A4A3594E1EBB13 /* PlayPauseWidget.swift */; };
		EDD4DED1246E5AE093BC5626 /* NowPlayingHelper.swift in Sources */ = {isa = PBXBuildFile; fileRef = EDD4D2EBA36B5A22B3193D62 /* NowPlayingHelper.swift */; };
		EDD4DFE1F59D067E1C25C347 /* Config.swift in Sources */ = {isa = PBXBuildFile; fileRef = EDD4DFE1C9674F537CD7888D /* Config.swift */; };
/* End PBXBuildFile section */

/* Begin PBXContainerItemProxy section */
		167EC32824C8C6BE009C4647 /* PBXContainerItemProxy */ = {
			isa = PBXContainerItemProxy;
			containerPortal = 167EC30A24C8C6BB009C4647 /* Project object */;
			proxyType = 1;
			remoteGlobalIDString = 167EC31124C8C6BB009C4647;
			remoteInfo = Touchy;
		};
		167EC33324C8C6BE009C4647 /* PBXContainerItemProxy */ = {
			isa = PBXContainerItemProxy;
			containerPortal = 167EC30A24C8C6BB009C4647 /* Project object */;
			proxyType = 1;
			remoteGlobalIDString = 167EC31124C8C6BB009C4647;
			remoteInfo = Touchy;
		};
/* End PBXContainerItemProxy section */

/* Begin PBXFileReference section */
		16777FEB24C9D1B000B04940 /* MediaPlayer.framework */ = {isa = PBXFileReference; lastKnownFileType = wrapper.framework; name = MediaPlayer.framework; path = System/Library/Frameworks/MediaPlayer.framework; sourceTree = SDKROOT; };
		16777FF224C9D75900B04940 /* MediaRemote.framework */ = {isa = PBXFileReference; lastKnownFileType = wrapper.framework; name = MediaRemote.framework; path = ../../../../../Library/Developer/CommandLineTools/SDKs/MacOSX10.14.sdk/System/Library/PrivateFrameworks/MediaRemote.framework; sourceTree = "<group>"; };
		16777FF624C9D78000B04940 /* DFRFoundation.framework */ = {isa = PBXFileReference; lastKnownFileType = wrapper.framework; name = DFRFoundation.framework; path = ../../../../../Library/Developer/CommandLineTools/SDKs/MacOSX10.14.sdk/System/Library/PrivateFrameworks/DFRFoundation.framework; sourceTree = "<group>"; };
		1677800024C9DF3F00B04940 /* CoreAudio.framework */ = {isa = PBXFileReference; lastKnownFileType = wrapper.framework; name = CoreAudio.framework; path = System/Library/Frameworks/CoreAudio.framework; sourceTree = SDKROOT; };
		167EC31224C8C6BB009C4647 /* Touchy.app */ = {isa = PBXFileReference; explicitFileType = wrapper.application; includeInIndex = 0; path = Touchy.app; sourceTree = BUILT_PRODUCTS_DIR; };
		167EC31524C8C6BB009C4647 /* AppDelegate.swift */ = {isa = PBXFileReference; lastKnownFileType = sourcecode.swift; path = AppDelegate.swift; sourceTree = "<group>"; };
		167EC31924C8C6BE009C4647 /* Assets.xcassets */ = {isa = PBXFileReference; lastKnownFileType = folder.assetcatalog; path = Assets.xcassets; sourceTree = "<group>"; };
		167EC31C24C8C6BE009C4647 /* Preview Assets.xcassets */ = {isa = PBXFileReference; lastKnownFileType = folder.assetcatalog; path = "Preview Assets.xcassets"; sourceTree = "<group>"; };
		167EC31F24C8C6BE009C4647 /* Base */ = {isa = PBXFileReference; lastKnownFileType = file.storyboard; name = Base; path = Base.lproj/Main.storyboard; sourceTree = "<group>"; };
		167EC32124C8C6BE009C4647 /* Info.plist */ = {isa = PBXFileReference; lastKnownFileType = text.plist.xml; path = Info.plist; sourceTree = "<group>"; };
		167EC32224C8C6BE009C4647 /* Touchy.entitlements */ = {isa = PBXFileReference; lastKnownFileType = text.plist.entitlements; path = Touchy.entitlements; sourceTree = "<group>"; };
		167EC32724C8C6BE009C4647 /* TouchyTests.xctest */ = {isa = PBXFileReference; explicitFileType = wrapper.cfbundle; includeInIndex = 0; path = TouchyTests.xctest; sourceTree = BUILT_PRODUCTS_DIR; };
		167EC32B24C8C6BE009C4647 /* TouchyTests.swift */ = {isa = PBXFileReference; lastKnownFileType = sourcecode.swift; path = TouchyTests.swift; sourceTree = "<group>"; };
		167EC32D24C8C6BE009C4647 /* Info.plist */ = {isa = PBXFileReference; lastKnownFileType = text.plist.xml; path = Info.plist; sourceTree = "<group>"; };
		167EC33224C8C6BE009C4647 /* TouchyUITests.xctest */ = {isa = PBXFileReference; explicitFileType = wrapper.cfbundle; includeInIndex = 0; path = TouchyUITests.xctest; sourceTree = BUILT_PRODUCTS_DIR; };
		167EC33624C8C6BE009C4647 /* TouchyUITests.swift */ = {isa = PBXFileReference; lastKnownFileType = sourcecode.swift; path = TouchyUITests.swift; sourceTree = "<group>"; };
		167EC33824C8C6BE009C4647 /* Info.plist */ = {isa = PBXFileReference; lastKnownFileType = text.plist.xml; path = Info.plist; sourceTree = "<group>"; };
		167EC34524C8C9D9009C4647 /* Bridging-Header.h */ = {isa = PBXFileReference; lastKnownFileType = sourcecode.c.h; path = "Bridging-Header.h"; sourceTree = "<group>"; };
		167EC34724C9905E009C4647 /* DFRFoundation.framework */ = {isa = PBXFileReference; lastKnownFileType = wrapper.framework; name = DFRFoundation.framework; path = /System/Library/PrivateFrameworks/DFRFoundation.framework; sourceTree = "<group>"; };
		167EC34924C9B068009C4647 /* TouchBarController.swift */ = {isa = PBXFileReference; lastKnownFileType = sourcecode.swift; path = TouchBarController.swift; sourceTree = "<group>"; };
		EDD4D0737DCBE7FAA1276B9D /* .gitignore */ = {isa = PBXFileReference; lastKnownFileType = file.gitignore; path = .gitignore; sourceTree = "<group>"; };
		EDD4D0F654CAAF757DE83E12 /* PreviousWidget.swift */ = {isa = PBXFileReference; fileEncoding = 4; lastKnownFileType = sourcecode.swift; path = PreviousWidget.swift; sourceTree = "<group>"; };
		EDD4D225660B991BE5EF7BF6 /* VolumeButtonsWidget.swift */ = {isa = PBXFileReference; fileEncoding = 4; lastKnownFileType = sourcecode.swift; path = VolumeButtonsWidget.swift; sourceTree = "<group>"; };
		EDD4D2EBA36B5A22B3193D62 /* NowPlayingHelper.swift */ = {isa = PBXFileReference; fileEncoding = 4; lastKnownFileType = sourcecode.swift; path = NowPlayingHelper.swift; sourceTree = "<group>"; };
		EDD4D3A318D9516A3B8F6F9C /* NextWidget.swift */ = {isa = PBXFileReference; fileEncoding = 4; lastKnownFileType = sourcecode.swift; path = NextWidget.swift; sourceTree = "<group>"; };
		EDD4D4FC3DC1CA6D5E7538D5 /* TouchBar.h */ = {isa = PBXFileReference; fileEncoding = 4; lastKnownFileType = sourcecode.c.h; path = TouchBar.h; sourceTree = "<group>"; };
		EDD4D7E2AD3AD71D2681EEA8 /* AnchorWidget.swift */ = {isa = PBXFileReference; fileEncoding = 4; lastKnownFileType = sourcecode.swift; path = AnchorWidget.swift; sourceTree = "<group>"; };
		EDD4DA1640A4A3594E1EBB13 /* PlayPauseWidget.swift */ = {isa = PBXFileReference; fileEncoding = 4; lastKnownFileType = sourcecode.swift; path = PlayPauseWidget.swift; sourceTree = "<group>"; };
		EDD4DDB56B1B27DFE4A303E1 /* MRMediaRemote.h */ = {isa = PBXFileReference; fileEncoding = 4; lastKnownFileType = sourcecode.c.h; path = MRMediaRemote.h; sourceTree = "<group>"; };
		EDD4DEC0AA2FC5FA9924B434 /* FlexWidget.swift */ = {isa = PBXFileReference; fileEncoding = 4; lastKnownFileType = sourcecode.swift; path = FlexWidget.swift; sourceTree = "<group>"; };
		EDD4DFE1C9674F537CD7888D /* Config.swift */ = {isa = PBXFileReference; fileEncoding = 4; lastKnownFileType = sourcecode.swift; path = Config.swift; sourceTree = "<group>"; };
/* End PBXFileReference section */

/* Begin PBXFrameworksBuildPhase section */
		167EC30F24C8C6BB009C4647 /* Frameworks */ = {
			isa = PBXFrameworksBuildPhase;
			buildActionMask = 2147483647;
			files = (
				16777FF724C9D78000B04940 /* DFRFoundation.framework in Frameworks */,
				1677800124C9DF3F00B04940 /* CoreAudio.framework in Frameworks */,
				16777FFA24C9D78600B04940 /* MediaRemote.framework in Frameworks */,
			);
			runOnlyForDeploymentPostprocessing = 0;
		};
		167EC32424C8C6BE009C4647 /* Frameworks */ = {
			isa = PBXFrameworksBuildPhase;
			buildActionMask = 2147483647;
			files = (
			);
			runOnlyForDeploymentPostprocessing = 0;
		};
		167EC32F24C8C6BE009C4647 /* Frameworks */ = {
			isa = PBXFrameworksBuildPhase;
			buildActionMask = 2147483647;
			files = (
			);
			runOnlyForDeploymentPostprocessing = 0;
		};
/* End PBXFrameworksBuildPhase section */

/* Begin PBXGroup section */
		167EC30924C8C6BB009C4647 = {
			isa = PBXGroup;
			children = (
				167EC31424C8C6BB009C4647 /* Touchy */,
				167EC32A24C8C6BE009C4647 /* TouchyTests */,
				167EC33524C8C6BE009C4647 /* TouchyUITests */,
				167EC31324C8C6BB009C4647 /* Products */,
				167EC34624C9905E009C4647 /* Frameworks */,
				EDD4D0737DCBE7FAA1276B9D /* .gitignore */,
			);
			sourceTree = "<group>";
		};
		167EC31324C8C6BB009C4647 /* Products */ = {
			isa = PBXGroup;
			children = (
				167EC31224C8C6BB009C4647 /* Touchy.app */,
				167EC32724C8C6BE009C4647 /* TouchyTests.xctest */,
				167EC33224C8C6BE009C4647 /* TouchyUITests.xctest */,
			);
			name = Products;
			sourceTree = "<group>";
		};
		167EC31424C8C6BB009C4647 /* Touchy */ = {
			isa = PBXGroup;
			children = (
				167EC31524C8C6BB009C4647 /* AppDelegate.swift */,
				167EC31924C8C6BE009C4647 /* Assets.xcassets */,
				167EC31E24C8C6BE009C4647 /* Main.storyboard */,
				167EC32124C8C6BE009C4647 /* Info.plist */,
				167EC32224C8C6BE009C4647 /* Touchy.entitlements */,
				167EC31B24C8C6BE009C4647 /* Preview Content */,
				167EC34924C9B068009C4647 /* TouchBarController.swift */,
				EDD4DFE1C9674F537CD7888D /* Config.swift */,
				EDD4DFACBA9F63C7FAA64518 /* Private */,
				EDD4D5F831F1C630D91458C9 /* Widgets */,
			);
			path = Touchy;
			sourceTree = "<group>";
		};
		167EC31B24C8C6BE009C4647 /* Preview Content */ = {
			isa = PBXGroup;
			children = (
				167EC31C24C8C6BE009C4647 /* Preview Assets.xcassets */,
			);
			path = "Preview Content";
			sourceTree = "<group>";
		};
		167EC32A24C8C6BE009C4647 /* TouchyTests */ = {
			isa = PBXGroup;
			children = (
				167EC32B24C8C6BE009C4647 /* TouchyTests.swift */,
				167EC32D24C8C6BE009C4647 /* Info.plist */,
			);
			path = TouchyTests;
			sourceTree = "<group>";
		};
		167EC33524C8C6BE009C4647 /* TouchyUITests */ = {
			isa = PBXGroup;
			children = (
				167EC33624C8C6BE009C4647 /* TouchyUITests.swift */,
				167EC33824C8C6BE009C4647 /* Info.plist */,
			);
			path = TouchyUITests;
			sourceTree = "<group>";
		};
		167EC34624C9905E009C4647 /* Frameworks */ = {
			isa = PBXGroup;
			children = (
				1677800024C9DF3F00B04940 /* CoreAudio.framework */,
				16777FF624C9D78000B04940 /* DFRFoundation.framework */,
				16777FF224C9D75900B04940 /* MediaRemote.framework */,
				16777FEB24C9D1B000B04940 /* MediaPlayer.framework */,
				167EC34724C9905E009C4647 /* DFRFoundation.framework */,
			);
			name = Frameworks;
			sourceTree = "<group>";
		};
		EDD4D5F831F1C630D91458C9 /* Widgets */ = {
			isa = PBXGroup;
			children = (
				EDD4DA1640A4A3594E1EBB13 /* PlayPauseWidget.swift */,
				EDD4D7E2AD3AD71D2681EEA8 /* AnchorWidget.swift */,
				EDD4D3A318D9516A3B8F6F9C /* NextWidget.swift */,
				EDD4D0F654CAAF757DE83E12 /* PreviousWidget.swift */,
				EDD4D225660B991BE5EF7BF6 /* VolumeButtonsWidget.swift */,
				EDD4DEC0AA2FC5FA9924B434 /* FlexWidget.swift */,
				EDD4D2EBA36B5A22B3193D62 /* NowPlayingHelper.swift */,
			);
			path = Widgets;
			sourceTree = "<group>";
		};
		EDD4DFACBA9F63C7FAA64518 /* Private */ = {
			isa = PBXGroup;
			children = (
				167EC34524C8C9D9009C4647 /* Bridging-Header.h */,
				EDD4D4FC3DC1CA6D5E7538D5 /* TouchBar.h */,
				EDD4DDB56B1B27DFE4A303E1 /* MRMediaRemote.h */,
			);
			path = Private;
			sourceTree = "<group>";
		};
/* End PBXGroup section */

/* Begin PBXNativeTarget section */
		167EC31124C8C6BB009C4647 /* Touchy */ = {
			isa = PBXNativeTarget;
			buildConfigurationList = 167EC33B24C8C6BE009C4647 /* Build configuration list for PBXNativeTarget "Touchy" */;
			buildPhases = (
				167EC30E24C8C6BB009C4647 /* Sources */,
				167EC30F24C8C6BB009C4647 /* Frameworks */,
				167EC31024C8C6BB009C4647 /* Resources */,
			);
			buildRules = (
			);
			dependencies = (
			);
			name = Touchy;
			packageProductDependencies = (
				16777FE524C9C0CC00B04940 /* XCSwiftPackageProductDependency */,
			);
			productName = Touchy;
			productReference = 167EC31224C8C6BB009C4647 /* Touchy.app */;
			productType = "com.apple.product-type.application";
		};
		167EC32624C8C6BE009C4647 /* TouchyTests */ = {
			isa = PBXNativeTarget;
			buildConfigurationList = 167EC33E24C8C6BE009C4647 /* Build configuration list for PBXNativeTarget "TouchyTests" */;
			buildPhases = (
				167EC32324C8C6BE009C4647 /* Sources */,
				167EC32424C8C6BE009C4647 /* Frameworks */,
				167EC32524C8C6BE009C4647 /* Resources */,
			);
			buildRules = (
			);
			dependencies = (
				167EC32924C8C6BE009C4647 /* PBXTargetDependency */,
			);
			name = TouchyTests;
			productName = TouchyTests;
			productReference = 167EC32724C8C6BE009C4647 /* TouchyTests.xctest */;
			productType = "com.apple.product-type.bundle.unit-test";
		};
		167EC33124C8C6BE009C4647 /* TouchyUITests */ = {
			isa = PBXNativeTarget;
			buildConfigurationList = 167EC34124C8C6BE009C4647 /* Build configuration list for PBXNativeTarget "TouchyUITests" */;
			buildPhases = (
				167EC32E24C8C6BE009C4647 /* Sources */,
				167EC32F24C8C6BE009C4647 /* Frameworks */,
				167EC33024C8C6BE009C4647 /* Resources */,
			);
			buildRules = (
			);
			dependencies = (
				167EC33424C8C6BE009C4647 /* PBXTargetDependency */,
			);
			name = TouchyUITests;
			productName = TouchyUITests;
			productReference = 167EC33224C8C6BE009C4647 /* TouchyUITests.xctest */;
			productType = "com.apple.product-type.bundle.ui-testing";
		};
/* End PBXNativeTarget section */

/* Begin PBXProject section */
		167EC30A24C8C6BB009C4647 /* Project object */ = {
			isa = PBXProject;
			attributes = {
				LastSwiftUpdateCheck = 1160;
				LastUpgradeCheck = 1160;
				ORGANIZATIONNAME = "Raphaël Vigée";
				TargetAttributes = {
					167EC31124C8C6BB009C4647 = {
						CreatedOnToolsVersion = 11.6;
					};
					167EC32624C8C6BE009C4647 = {
						CreatedOnToolsVersion = 11.6;
						TestTargetID = 167EC31124C8C6BB009C4647;
					};
					167EC33124C8C6BE009C4647 = {
						CreatedOnToolsVersion = 11.6;
						TestTargetID = 167EC31124C8C6BB009C4647;
					};
				};
			};
			buildConfigurationList = 167EC30D24C8C6BB009C4647 /* Build configuration list for PBXProject "Touchy" */;
			compatibilityVersion = "Xcode 9.3";
			developmentRegion = en;
			hasScannedForEncodings = 0;
			knownRegions = (
				en,
				Base,
			);
			mainGroup = 167EC30924C8C6BB009C4647;
			packageReferences = (
				16777FE424C9C0CC00B04940 /* XCRemoteSwiftPackageReference */,
			);
			productRefGroup = 167EC31324C8C6BB009C4647 /* Products */;
			projectDirPath = "";
			projectRoot = "";
			targets = (
				167EC31124C8C6BB009C4647 /* Touchy */,
				167EC32624C8C6BE009C4647 /* TouchyTests */,
				167EC33124C8C6BE009C4647 /* TouchyUITests */,
			);
		};
/* End PBXProject section */

/* Begin PBXResourcesBuildPhase section */
		167EC31024C8C6BB009C4647 /* Resources */ = {
			isa = PBXResourcesBuildPhase;
			buildActionMask = 2147483647;
			files = (
				167EC32024C8C6BE009C4647 /* Main.storyboard in Resources */,
				167EC31D24C8C6BE009C4647 /* Preview Assets.xcassets in Resources */,
				167EC31A24C8C6BE009C4647 /* Assets.xcassets in Resources */,
				EDD4D259DBB7D89134A7EEF1 /* .gitignore in Resources */,
			);
			runOnlyForDeploymentPostprocessing = 0;
		};
		167EC32524C8C6BE009C4647 /* Resources */ = {
			isa = PBXResourcesBuildPhase;
			buildActionMask = 2147483647;
			files = (
			);
			runOnlyForDeploymentPostprocessing = 0;
		};
		167EC33024C8C6BE009C4647 /* Resources */ = {
			isa = PBXResourcesBuildPhase;
			buildActionMask = 2147483647;
			files = (
			);
			runOnlyForDeploymentPostprocessing = 0;
		};
/* End PBXResourcesBuildPhase section */

/* Begin PBXSourcesBuildPhase section */
		167EC30E24C8C6BB009C4647 /* Sources */ = {
			isa = PBXSourcesBuildPhase;
			buildActionMask = 2147483647;
			files = (
				167EC34A24C9B068009C4647 /* TouchBarController.swift in Sources */,
				167EC31624C8C6BB009C4647 /* AppDelegate.swift in Sources */,
				EDD4DFE1F59D067E1C25C347 /* Config.swift in Sources */,
				EDD4DC8C9C31652825167C59 /* PlayPauseWidget.swift in Sources */,
				EDD4D8AF7F4F8DCAA60BE7E0 /* AnchorWidget.swift in Sources */,
				EDD4D40ADA37DE4B250FD39C /* NextWidget.swift in Sources */,
				EDD4D1E5161BA39F4801ABFF /* PreviousWidget.swift in Sources */,
				EDD4D2E7C8EEDA4C0DEE24BC /* VolumeButtonsWidget.swift in Sources */,
				EDD4D961ABD5AC8AF9B4BAB2 /* FlexWidget.swift in Sources */,
				EDD4DED1246E5AE093BC5626 /* NowPlayingHelper.swift in Sources */,
			);
			runOnlyForDeploymentPostprocessing = 0;
		};
		167EC32324C8C6BE009C4647 /* Sources */ = {
			isa = PBXSourcesBuildPhase;
			buildActionMask = 2147483647;
			files = (
				167EC32C24C8C6BE009C4647 /* TouchyTests.swift in Sources */,
			);
			runOnlyForDeploymentPostprocessing = 0;
		};
		167EC32E24C8C6BE009C4647 /* Sources */ = {
			isa = PBXSourcesBuildPhase;
			buildActionMask = 2147483647;
			files = (
				167EC33724C8C6BE009C4647 /* TouchyUITests.swift in Sources */,
			);
			runOnlyForDeploymentPostprocessing = 0;
		};
/* End PBXSourcesBuildPhase section */

/* Begin PBXTargetDependency section */
		167EC32924C8C6BE009C4647 /* PBXTargetDependency */ = {
			isa = PBXTargetDependency;
			target = 167EC31124C8C6BB009C4647 /* Touchy */;
			targetProxy = 167EC32824C8C6BE009C4647 /* PBXContainerItemProxy */;
		};
		167EC33424C8C6BE009C4647 /* PBXTargetDependency */ = {
			isa = PBXTargetDependency;
			target = 167EC31124C8C6BB009C4647 /* Touchy */;
			targetProxy = 167EC33324C8C6BE009C4647 /* PBXContainerItemProxy */;
		};
/* End PBXTargetDependency section */

/* Begin PBXVariantGroup section */
		167EC31E24C8C6BE009C4647 /* Main.storyboard */ = {
			isa = PBXVariantGroup;
			children = (
				167EC31F24C8C6BE009C4647 /* Base */,
			);
			name = Main.storyboard;
			sourceTree = "<group>";
		};
/* End PBXVariantGroup section */

/* Begin XCBuildConfiguration section */
		167EC33924C8C6BE009C4647 /* Debug */ = {
			isa = XCBuildConfiguration;
			buildSettings = {
				ALWAYS_SEARCH_USER_PATHS = NO;
				CLANG_ANALYZER_NONNULL = YES;
				CLANG_ANALYZER_NUMBER_OBJECT_CONVERSION = YES_AGGRESSIVE;
				CLANG_CXX_LANGUAGE_STANDARD = "gnu++14";
				CLANG_CXX_LIBRARY = "libc++";
				CLANG_ENABLE_MODULES = YES;
				CLANG_ENABLE_OBJC_ARC = YES;
				CLANG_ENABLE_OBJC_WEAK = YES;
				CLANG_WARN_BLOCK_CAPTURE_AUTORELEASING = YES;
				CLANG_WARN_BOOL_CONVERSION = YES;
				CLANG_WARN_COMMA = YES;
				CLANG_WARN_CONSTANT_CONVERSION = YES;
				CLANG_WARN_DEPRECATED_OBJC_IMPLEMENTATIONS = YES;
				CLANG_WARN_DIRECT_OBJC_ISA_USAGE = YES_ERROR;
				CLANG_WARN_DOCUMENTATION_COMMENTS = YES;
				CLANG_WARN_EMPTY_BODY = YES;
				CLANG_WARN_ENUM_CONVERSION = YES;
				CLANG_WARN_INFINITE_RECURSION = YES;
				CLANG_WARN_INT_CONVERSION = YES;
				CLANG_WARN_NON_LITERAL_NULL_CONVERSION = YES;
				CLANG_WARN_OBJC_IMPLICIT_RETAIN_SELF = YES;
				CLANG_WARN_OBJC_LITERAL_CONVERSION = YES;
				CLANG_WARN_OBJC_ROOT_CLASS = YES_ERROR;
				CLANG_WARN_RANGE_LOOP_ANALYSIS = YES;
				CLANG_WARN_STRICT_PROTOTYPES = YES;
				CLANG_WARN_SUSPICIOUS_MOVE = YES;
				CLANG_WARN_UNGUARDED_AVAILABILITY = YES_AGGRESSIVE;
				CLANG_WARN_UNREACHABLE_CODE = YES;
				CLANG_WARN__DUPLICATE_METHOD_MATCH = YES;
				COPY_PHASE_STRIP = NO;
				DEBUG_INFORMATION_FORMAT = dwarf;
				ENABLE_STRICT_OBJC_MSGSEND = YES;
				ENABLE_TESTABILITY = YES;
				GCC_C_LANGUAGE_STANDARD = gnu11;
				GCC_DYNAMIC_NO_PIC = NO;
				GCC_NO_COMMON_BLOCKS = YES;
				GCC_OPTIMIZATION_LEVEL = 0;
				GCC_PREPROCESSOR_DEFINITIONS = (
					"DEBUG=1",
					"$(inherited)",
				);
				GCC_WARN_64_TO_32_BIT_CONVERSION = YES;
				GCC_WARN_ABOUT_RETURN_TYPE = YES_ERROR;
				GCC_WARN_UNDECLARED_SELECTOR = YES;
				GCC_WARN_UNINITIALIZED_AUTOS = YES_AGGRESSIVE;
				GCC_WARN_UNUSED_FUNCTION = YES;
				GCC_WARN_UNUSED_VARIABLE = YES;
				MACOSX_DEPLOYMENT_TARGET = 10.15;
				MTL_ENABLE_DEBUG_INFO = INCLUDE_SOURCE;
				MTL_FAST_MATH = YES;
				ONLY_ACTIVE_ARCH = YES;
				SDKROOT = macosx;
				SWIFT_ACTIVE_COMPILATION_CONDITIONS = DEBUG;
				SWIFT_INCLUDE_PATHS = "";
				SWIFT_OPTIMIZATION_LEVEL = "-Onone";
			};
			name = Debug;
		};
		167EC33A24C8C6BE009C4647 /* Release */ = {
			isa = XCBuildConfiguration;
			buildSettings = {
				ALWAYS_SEARCH_USER_PATHS = NO;
				CLANG_ANALYZER_NONNULL = YES;
				CLANG_ANALYZER_NUMBER_OBJECT_CONVERSION = YES_AGGRESSIVE;
				CLANG_CXX_LANGUAGE_STANDARD = "gnu++14";
				CLANG_CXX_LIBRARY = "libc++";
				CLANG_ENABLE_MODULES = YES;
				CLANG_ENABLE_OBJC_ARC = YES;
				CLANG_ENABLE_OBJC_WEAK = YES;
				CLANG_WARN_BLOCK_CAPTURE_AUTORELEASING = YES;
				CLANG_WARN_BOOL_CONVERSION = YES;
				CLANG_WARN_COMMA = YES;
				CLANG_WARN_CONSTANT_CONVERSION = YES;
				CLANG_WARN_DEPRECATED_OBJC_IMPLEMENTATIONS = YES;
				CLANG_WARN_DIRECT_OBJC_ISA_USAGE = YES_ERROR;
				CLANG_WARN_DOCUMENTATION_COMMENTS = YES;
				CLANG_WARN_EMPTY_BODY = YES;
				CLANG_WARN_ENUM_CONVERSION = YES;
				CLANG_WARN_INFINITE_RECURSION = YES;
				CLANG_WARN_INT_CONVERSION = YES;
				CLANG_WARN_NON_LITERAL_NULL_CONVERSION = YES;
				CLANG_WARN_OBJC_IMPLICIT_RETAIN_SELF = YES;
				CLANG_WARN_OBJC_LITERAL_CONVERSION = YES;
				CLANG_WARN_OBJC_ROOT_CLASS = YES_ERROR;
				CLANG_WARN_RANGE_LOOP_ANALYSIS = YES;
				CLANG_WARN_STRICT_PROTOTYPES = YES;
				CLANG_WARN_SUSPICIOUS_MOVE = YES;
				CLANG_WARN_UNGUARDED_AVAILABILITY = YES_AGGRESSIVE;
				CLANG_WARN_UNREACHABLE_CODE = YES;
				CLANG_WARN__DUPLICATE_METHOD_MATCH = YES;
				COPY_PHASE_STRIP = NO;
				DEBUG_INFORMATION_FORMAT = "dwarf-with-dsym";
				ENABLE_NS_ASSERTIONS = NO;
				ENABLE_STRICT_OBJC_MSGSEND = YES;
				GCC_C_LANGUAGE_STANDARD = gnu11;
				GCC_NO_COMMON_BLOCKS = YES;
				GCC_WARN_64_TO_32_BIT_CONVERSION = YES;
				GCC_WARN_ABOUT_RETURN_TYPE = YES_ERROR;
				GCC_WARN_UNDECLARED_SELECTOR = YES;
				GCC_WARN_UNINITIALIZED_AUTOS = YES_AGGRESSIVE;
				GCC_WARN_UNUSED_FUNCTION = YES;
				GCC_WARN_UNUSED_VARIABLE = YES;
				MACOSX_DEPLOYMENT_TARGET = 10.15;
				MTL_ENABLE_DEBUG_INFO = NO;
				MTL_FAST_MATH = YES;
				SDKROOT = macosx;
				SWIFT_COMPILATION_MODE = wholemodule;
				SWIFT_INCLUDE_PATHS = "";
				SWIFT_OPTIMIZATION_LEVEL = "-O";
			};
			name = Release;
		};
		167EC33C24C8C6BE009C4647 /* Debug */ = {
			isa = XCBuildConfiguration;
			buildSettings = {
				ASSETCATALOG_COMPILER_APPICON_NAME = AppIcon;
				CODE_SIGN_ENTITLEMENTS = Touchy/Touchy.entitlements;
				CODE_SIGN_STYLE = Automatic;
				COMBINE_HIDPI_IMAGES = YES;
				DEVELOPMENT_ASSET_PATHS = "\"Touchy/Preview Content\"";
				ENABLE_PREVIEWS = YES;
				FRAMEWORK_SEARCH_PATHS = "";
				INFOPLIST_FILE = Touchy/Info.plist;
				LD_RUNPATH_SEARCH_PATHS = (
					"$(inherited)",
					"@executable_path/../Frameworks",
				);
				MACOSX_DEPLOYMENT_TARGET = 10.15;
				PRODUCT_BUNDLE_IDENTIFIER = com.raphaelvigee.Touchy;
				PRODUCT_NAME = "$(TARGET_NAME)";
				SWIFT_OBJC_BRIDGING_HEADER = "Touchy/Private/Bridging-Header.h";
				SWIFT_VERSION = 5.0;
				SYSTEM_FRAMEWORK_SEARCH_PATHS = /System/Library/PrivateFrameworks;
			};
			name = Debug;
		};
		167EC33D24C8C6BE009C4647 /* Release */ = {
			isa = XCBuildConfiguration;
			buildSettings = {
				ASSETCATALOG_COMPILER_APPICON_NAME = AppIcon;
				CODE_SIGN_ENTITLEMENTS = Touchy/Touchy.entitlements;
				CODE_SIGN_STYLE = Automatic;
				COMBINE_HIDPI_IMAGES = YES;
				DEVELOPMENT_ASSET_PATHS = "\"Touchy/Preview Content\"";
				ENABLE_PREVIEWS = YES;
				FRAMEWORK_SEARCH_PATHS = "";
				INFOPLIST_FILE = Touchy/Info.plist;
				LD_RUNPATH_SEARCH_PATHS = (
					"$(inherited)",
					"@executable_path/../Frameworks",
				);
				MACOSX_DEPLOYMENT_TARGET = 10.15;
				PRODUCT_BUNDLE_IDENTIFIER = com.raphaelvigee.Touchy;
				PRODUCT_NAME = "$(TARGET_NAME)";
				SWIFT_OBJC_BRIDGING_HEADER = "Touchy/Private/Bridging-Header.h";
				SWIFT_VERSION = 5.0;
				SYSTEM_FRAMEWORK_SEARCH_PATHS = /System/Library/PrivateFrameworks;
			};
			name = Release;
		};
		167EC33F24C8C6BE009C4647 /* Debug */ = {
			isa = XCBuildConfiguration;
			buildSettings = {
				ALWAYS_EMBED_SWIFT_STANDARD_LIBRARIES = YES;
				BUNDLE_LOADER = "$(TEST_HOST)";
				CODE_SIGN_STYLE = Automatic;
				COMBINE_HIDPI_IMAGES = YES;
				INFOPLIST_FILE = TouchyTests/Info.plist;
				LD_RUNPATH_SEARCH_PATHS = (
					"$(inherited)",
					"@executable_path/../Frameworks",
					"@loader_path/../Frameworks",
				);
				MACOSX_DEPLOYMENT_TARGET = 10.15;
				PRODUCT_BUNDLE_IDENTIFIER = com.raphaelvigee.TouchyTests;
				PRODUCT_NAME = "$(TARGET_NAME)";
				SWIFT_VERSION = 5.0;
				TEST_HOST = "$(BUILT_PRODUCTS_DIR)/Touchy.app/Contents/MacOS/Touchy";
			};
			name = Debug;
		};
		167EC34024C8C6BE009C4647 /* Release */ = {
			isa = XCBuildConfiguration;
			buildSettings = {
				ALWAYS_EMBED_SWIFT_STANDARD_LIBRARIES = YES;
				BUNDLE_LOADER = "$(TEST_HOST)";
				CODE_SIGN_STYLE = Automatic;
				COMBINE_HIDPI_IMAGES = YES;
				INFOPLIST_FILE = TouchyTests/Info.plist;
				LD_RUNPATH_SEARCH_PATHS = (
					"$(inherited)",
					"@executable_path/../Frameworks",
					"@loader_path/../Frameworks",
				);
				MACOSX_DEPLOYMENT_TARGET = 10.15;
				PRODUCT_BUNDLE_IDENTIFIER = com.raphaelvigee.TouchyTests;
				PRODUCT_NAME = "$(TARGET_NAME)";
				SWIFT_VERSION = 5.0;
				TEST_HOST = "$(BUILT_PRODUCTS_DIR)/Touchy.app/Contents/MacOS/Touchy";
			};
			name = Release;
		};
		167EC34224C8C6BE009C4647 /* Debug */ = {
			isa = XCBuildConfiguration;
			buildSettings = {
				ALWAYS_EMBED_SWIFT_STANDARD_LIBRARIES = YES;
				CODE_SIGN_STYLE = Automatic;
				COMBINE_HIDPI_IMAGES = YES;
				INFOPLIST_FILE = TouchyUITests/Info.plist;
				LD_RUNPATH_SEARCH_PATHS = (
					"$(inherited)",
					"@executable_path/../Frameworks",
					"@loader_path/../Frameworks",
				);
				PRODUCT_BUNDLE_IDENTIFIER = com.raphaelvigee.TouchyUITests;
				PRODUCT_NAME = "$(TARGET_NAME)";
				SWIFT_VERSION = 5.0;
				TEST_TARGET_NAME = Touchy;
			};
			name = Debug;
		};
		167EC34324C8C6BE009C4647 /* Release */ = {
			isa = XCBuildConfiguration;
			buildSettings = {
				ALWAYS_EMBED_SWIFT_STANDARD_LIBRARIES = YES;
				CODE_SIGN_STYLE = Automatic;
				COMBINE_HIDPI_IMAGES = YES;
				INFOPLIST_FILE = TouchyUITests/Info.plist;
				LD_RUNPATH_SEARCH_PATHS = (
					"$(inherited)",
					"@executable_path/../Frameworks",
					"@loader_path/../Frameworks",
				);
				PRODUCT_BUNDLE_IDENTIFIER = com.raphaelvigee.TouchyUITests;
				PRODUCT_NAME = "$(TARGET_NAME)";
				SWIFT_VERSION = 5.0;
				TEST_TARGET_NAME = Touchy;
			};
			name = Release;
		};
/* End XCBuildConfiguration section */

/* Begin XCConfigurationList section */
		167EC30D24C8C6BB009C4647 /* Build configuration list for PBXProject "Touchy" */ = {
			isa = XCConfigurationList;
			buildConfigurations = (
				167EC33924C8C6BE009C4647 /* Debug */,
				167EC33A24C8C6BE009C4647 /* Release */,
			);
			defaultConfigurationIsVisible = 0;
			defaultConfigurationName = Release;
		};
		167EC33B24C8C6BE009C4647 /* Build configuration list for PBXNativeTarget "Touchy" */ = {
			isa = XCConfigurationList;
			buildConfigurations = (
				167EC33C24C8C6BE009C4647 /* Debug */,
				167EC33D24C8C6BE009C4647 /* Release */,
			);
			defaultConfigurationIsVisible = 0;
			defaultConfigurationName = Release;
		};
		167EC33E24C8C6BE009C4647 /* Build configuration list for PBXNativeTarget "TouchyTests" */ = {
			isa = XCConfigurationList;
			buildConfigurations = (
				167EC33F24C8C6BE009C4647 /* Debug */,
				167EC34024C8C6BE009C4647 /* Release */,
			);
			defaultConfigurationIsVisible = 0;
			defaultConfigurationName = Release;
		};
		167EC34124C8C6BE009C4647 /* Build configuration list for PBXNativeTarget "TouchyUITests" */ = {
			isa = XCConfigurationList;
			buildConfigurations = (
				167EC34224C8C6BE009C4647 /* Debug */,
				167EC34324C8C6BE009C4647 /* Release */,
			);
			defaultConfigurationIsVisible = 0;
			defaultConfigurationName = Release;
		};
/* End XCConfigurationList section */

/* Begin XCRemoteSwiftPackageReference section */
		16777FE424C9C0CC00B04940 /* XCRemoteSwiftPackageReference */ = {
			isa = XCRemoteSwiftPackageReference;
			repositoryURL = "https://github.com/jpsim/Yams.git";
			requirement = {
				kind = upToNextMajorVersion;
				minimumVersion = 3.0.1;
			};
		};
/* End XCRemoteSwiftPackageReference section */

/* Begin XCSwiftPackageProductDependency section */
		16777FE524C9C0CC00B04940 /* XCSwiftPackageProductDependency */ = {
			isa = XCSwiftPackageProductDependency;
			package = 16777FE424C9C0CC00B04940 /* XCRemoteSwiftPackageReference */;
			productName = Yams;
		};
/* End XCSwiftPackageProductDependency section */
	};
	rootObject = 167EC30A24C8C6BB009C4647 /* Project object */;
}
